
Microsoft Visual Studio Solution File, Format Version 12.00
# Visual Studio 15
Project("{FAE04EC0-301F-11D3-BF4B-00C04F79EFBC}") = "Assembly-CSharp", "Assembly-CSharp.csproj", "{9AE0E527-F4E3-4843-C74C-3EDFFAF917F5}"
EndProject
Project("{FAE04EC0-301F-11D3-BF4B-00C04F79EFBC}") = "Assembly-CSharp-firstpass", "Assembly-CSharp-firstpass.csproj", "{4589C06F-78BD-2965-7F23-6CE8E5F35163}"
EndProject
Project("{FAE04EC0-301F-11D3-BF4B-00C04F79EFBC}") = "Assembly-CSharp-Editor", "Assembly-CSharp-Editor.csproj", "{4825B685-F039-BD2A-246A-565E00EAD316}"
EndProject
Project("{FAE04EC0-301F-11D3-BF4B-00C04F79EFBC}") = "Assembly-CSharp-Editor-firstpass", "Assembly-CSharp-Editor-firstpass.csproj", "{ACA91FBC-A257-90D3-58DC-611890FE1FF8}"
EndProject
Global
	GlobalSection(SolutionConfigurationPlatforms) = preSolution
		Debug|Any CPU = Debug|Any CPU
		Release|Any CPU = Release|Any CPU
	EndGlobalSection
	GlobalSection(ProjectConfigurationPlatforms) = postSolution
		{9AE0E527-F4E3-4843-C74C-3EDFFAF917F5}.Debug|Any CPU.ActiveCfg = Debug|Any CPU
		{9AE0E527-F4E3-4843-C74C-3EDFFAF917F5}.Debug|Any CPU.Build.0 = Debug|Any CPU
		{9AE0E527-F4E3-4843-C74C-3EDFFAF917F5}.Release|Any CPU.ActiveCfg = Release|Any CPU
		{9AE0E527-F4E3-4843-C74C-3EDFFAF917F5}.Release|Any CPU.Build.0 = Release|Any CPU
		{4589C06F-78BD-2965-7F23-6CE8E5F35163}.Debug|Any CPU.ActiveCfg = Debug|Any CPU
		{4589C06F-78BD-2965-7F23-6CE8E5F35163}.Debug|Any CPU.Build.0 = Debug|Any CPU
		{4589C06F-78BD-2965-7F23-6CE8E5F35163}.Release|Any CPU.ActiveCfg = Release|Any CPU
		{4589C06F-78BD-2965-7F23-6CE8E5F35163}.Release|Any CPU.Build.0 = Release|Any CPU
		{4825B685-F039-BD2A-246A-565E00EAD316}.Debug|Any CPU.ActiveCfg = Debug|Any CPU
		{4825B685-F039-BD2A-246A-565E00EAD316}.Debug|Any CPU.Build.0 = Debug|Any CPU
		{4825B685-F039-BD2A-246A-565E00EAD316}.Release|Any CPU.ActiveCfg = Release|Any CPU
		{4825B685-F039-BD2A-246A-565E00EAD316}.Release|Any CPU.Build.0 = Release|Any CPU
		{ACA91FBC-A257-90D3-58DC-611890FE1FF8}.Debug|Any CPU.ActiveCfg = Debug|Any CPU
		{ACA91FBC-A257-90D3-58DC-611890FE1FF8}.Debug|Any CPU.Build.0 = Debug|Any CPU
		{ACA91FBC-A257-90D3-58DC-611890FE1FF8}.Release|Any CPU.ActiveCfg = Release|Any CPU
		{ACA91FBC-A257-90D3-58DC-611890FE1FF8}.Release|Any CPU.Build.0 = Release|Any CPU
	EndGlobalSection
	GlobalSection(SolutionProperties) = preSolution
		HideSolutionNode = FALSE
	EndGlobalSection
EndGlobal
