
Microsoft Visual Studio Solution File, Format Version 12.00
# Visual Studio 15
Project("{FAE04EC0-301F-11D3-BF4B-00C04F79EFBC}") = "Hannuota-v1.0", "Hannuota-v1.0.csproj", "{E1711829-09EA-845B-855F-71816AEC4379}"
EndProject
Project("{FAE04EC0-301F-11D3-BF4B-00C04F79EFBC}") = "Hannuota-v1.0.Editor", "Hannuota-v1.0.Editor.csproj", "{132F4AF3-1AD5-3879-0F02-8E771452BCE2}"
EndProject
Global
	GlobalSection(SolutionConfigurationPlatforms) = preSolution
		Debug|Any CPU = Debug|Any CPU
		Release|Any CPU = Release|Any CPU
	EndGlobalSection
	GlobalSection(ProjectConfigurationPlatforms) = postSolution
		{E1711829-09EA-845B-855F-71816AEC4379}.Debug|Any CPU.ActiveCfg = Debug|Any CPU
		{E1711829-09EA-845B-855F-71816AEC4379}.Debug|Any CPU.Build.0 = Debug|Any CPU
		{E1711829-09EA-845B-855F-71816AEC4379}.Release|Any CPU.ActiveCfg = Release|Any CPU
		{E1711829-09EA-845B-855F-71816AEC4379}.Release|Any CPU.Build.0 = Release|Any CPU
		{132F4AF3-1AD5-3879-0F02-8E771452BCE2}.Debug|Any CPU.ActiveCfg = Debug|Any CPU
		{132F4AF3-1AD5-3879-0F02-8E771452BCE2}.Debug|Any CPU.Build.0 = Debug|Any CPU
		{132F4AF3-1AD5-3879-0F02-8E771452BCE2}.Release|Any CPU.ActiveCfg = Release|Any CPU
		{132F4AF3-1AD5-3879-0F02-8E771452BCE2}.Release|Any CPU.Build.0 = Release|Any CPU
	EndGlobalSection
	GlobalSection(SolutionProperties) = preSolution
		HideSolutionNode = FALSE
	EndGlobalSection
EndGlobal
